
Microsoft Visual Studio Solution File, Format Version 12.00
# Visual Studio Version 16
VisualStudioVersion = 16.0.30320.27
MinimumVisualStudioVersion = 10.0.40219.1
Project("{FAE04EC0-301F-11D3-BF4B-00C04F79EFBC}") = "MessageApp", "MessageApp.csproj", "{C605FB9B-D17E-46F9-B0DC-1F0A197A133D}"
EndProject
Global
	GlobalSection(SolutionConfigurationPlatforms) = preSolution
		Debug|Any CPU = Debug|Any CPU
		Release|Any CPU = Release|Any CPU
	EndGlobalSection
	GlobalSection(ProjectConfigurationPlatforms) = postSolution
		{C605FB9B-D17E-46F9-B0DC-1F0A197A133D}.Debug|Any CPU.ActiveCfg = Debug|Any CPU
		{C605FB9B-D17E-46F9-B0DC-1F0A197A133D}.Debug|Any CPU.Build.0 = Debug|Any CPU
		{C605FB9B-D17E-46F9-B0DC-1F0A197A133D}.Release|Any CPU.ActiveCfg = Release|Any CPU
		{C605FB9B-D17E-46F9-B0DC-1F0A197A133D}.Release|Any CPU.Build.0 = Release|Any CPU
	EndGlobalSection
	GlobalSection(SolutionProperties) = preSolution
		HideSolutionNode = FALSE
	EndGlobalSection
	GlobalSection(ExtensibilityGlobals) = postSolution
		SolutionGuid = {A3F0388F-7929-451A-8279-83DE861AC172}
	EndGlobalSection
EndGlobal
